
Microsoft Visual Studio Solution File, Format Version 11.00
# Visual Studio 2010
Project("{FAE04EC0-301F-11D3-BF4B-00C04F79EFBC}") = "Samples", "Samples.csproj", "{9529606E-AF76-4387-BFB7-3D10A5B399AA}"
EndProject
Global
	GlobalSection(SolutionConfigurationPlatforms) = preSolution
		Debug|Any CPU = Debug|Any CPU
		Release|Any CPU = Release|Any CPU
	EndGlobalSection
	GlobalSection(ProjectConfigurationPlatforms) = postSolution
		{9529606E-AF76-4387-BFB7-3D10A5B399AA}.Debug|Any CPU.ActiveCfg = Debug|Any CPU
		{9529606E-AF76-4387-BFB7-3D10A5B399AA}.Debug|Any CPU.Build.0 = Debug|Any CPU
		{9529606E-AF76-4387-BFB7-3D10A5B399AA}.Release|Any CPU.ActiveCfg = Release|Any CPU
		{9529606E-AF76-4387-BFB7-3D10A5B399AA}.Release|Any CPU.Build.0 = Release|Any CPU
	EndGlobalSection
	GlobalSection(SolutionProperties) = preSolution
		HideSolutionNode = FALSE
	EndGlobalSection
EndGlobal
